
Microsoft Visual Studio Solution File, Format Version 12.00
# Visual Studio Version 16
VisualStudioVersion = 16.0.810.21
MinimumVisualStudioVersion = 10.0.40219.1
Project("{FAE04EC0-301F-11D3-BF4B-00C04F79EFBC}") = "Kur", "Kur.csproj", "{A1DE3F01-7C7B-437C-9C83-A8C0744AA308}"
EndProject
Global
	GlobalSection(SolutionConfigurationPlatforms) = preSolution
		Debug|Any CPU = Debug|Any CPU
		Release|Any CPU = Release|Any CPU
	EndGlobalSection
	GlobalSection(ProjectConfigurationPlatforms) = postSolution
		{A1DE3F01-7C7B-437C-9C83-A8C0744AA308}.Debug|Any CPU.ActiveCfg = Debug|Any CPU
		{A1DE3F01-7C7B-437C-9C83-A8C0744AA308}.Debug|Any CPU.Build.0 = Debug|Any CPU
		{A1DE3F01-7C7B-437C-9C83-A8C0744AA308}.Release|Any CPU.ActiveCfg = Release|Any CPU
		{A1DE3F01-7C7B-437C-9C83-A8C0744AA308}.Release|Any CPU.Build.0 = Release|Any CPU
	EndGlobalSection
	GlobalSection(SolutionProperties) = preSolution
		HideSolutionNode = FALSE
	EndGlobalSection
	GlobalSection(ExtensibilityGlobals) = postSolution
		SolutionGuid = {A1586908-6B5D-4626-B5C3-0AA030B66F24}
	EndGlobalSection
EndGlobal
